
Microsoft Visual Studio Solution File, Format Version 12.00
# Visual Studio Version 17
VisualStudioVersion = 17.7.34018.315
MinimumVisualStudioVersion = 10.0.40219.1
Project("{FAE04EC0-301F-11D3-BF4B-00C04F79EFBC}") = "Inlämningsuppgift 5.5", "Inlämningsuppgift 5.5\Inlämningsuppgift 5.5.csproj", "{0E3CD38D-40EF-41FA-A8DD-A14B5D596EEF}"
EndProject
Global
	GlobalSection(SolutionConfigurationPlatforms) = preSolution
		Debug|Any CPU = Debug|Any CPU
		Release|Any CPU = Release|Any CPU
	EndGlobalSection
	GlobalSection(ProjectConfigurationPlatforms) = postSolution
		{0E3CD38D-40EF-41FA-A8DD-A14B5D596EEF}.Debug|Any CPU.ActiveCfg = Debug|Any CPU
		{0E3CD38D-40EF-41FA-A8DD-A14B5D596EEF}.Debug|Any CPU.Build.0 = Debug|Any CPU
		{0E3CD38D-40EF-41FA-A8DD-A14B5D596EEF}.Release|Any CPU.ActiveCfg = Release|Any CPU
		{0E3CD38D-40EF-41FA-A8DD-A14B5D596EEF}.Release|Any CPU.Build.0 = Release|Any CPU
	EndGlobalSection
	GlobalSection(SolutionProperties) = preSolution
		HideSolutionNode = FALSE
	EndGlobalSection
	GlobalSection(ExtensibilityGlobals) = postSolution
		SolutionGuid = {4B8B5078-3E0D-46F0-9033-AFFEB295644D}
	EndGlobalSection
EndGlobal
